// !$*UTF8*$!
{
	archiveVersion = 1;
	classes = {
	};
	objectVersion = 46;
	objects = {

/* Begin PBXBuildFile section */
		A7D1566D1E57375700154476 /* main.m in Sources */ = {isa = PBXBuildFile; fileRef = A7D1566C1E57375700154476 /* main.m */; };
		A7D156751E573ACB00154476 /* GHPerson.m in Sources */ = {isa = PBXBuildFile; fileRef = A7D156741E573ACB00154476 /* GHPerson.m */; };
		A7D156781E5742C500154476 /* TestKVO.m in Sources */ = {isa = PBXBuildFile; fileRef = A7D156771E5742C500154476 /* TestKVO.m */; };
		A7D1567B1E58A52800154476 /* GHPersonManual.m in Sources */ = {isa = PBXBuildFile; fileRef = A7D1567A1E58A52800154476 /* GHPersonManual.m */; };
/* End PBXBuildFile section */

/* Begin PBXCopyFilesBuildPhase section */
		A7D156671E57375700154476 /* CopyFiles */ = {
			isa = PBXCopyFilesBuildPhase;
			buildActionMask = 2147483647;
			dstPath = /usr/share/man/man1/;
			dstSubfolderSpec = 0;
			files = (
			);
			runOnlyForDeploymentPostprocessing = 1;
		};
/* End PBXCopyFilesBuildPhase section */

/* Begin PBXFileReference section */
		A7D156691E57375700154476 /* NSKVC_AND_KVO */ = {isa = PBXFileReference; explicitFileType = "compiled.mach-o.executable"; includeInIndex = 0; path = NSKVC_AND_KVO; sourceTree = BUILT_PRODUCTS_DIR; };
		A7D1566C1E57375700154476 /* main.m */ = {isa = PBXFileReference; lastKnownFileType = sourcecode.c.objc; path = main.m; sourceTree = "<group>"; };
		A7D156731E573ACB00154476 /* GHPerson.h */ = {isa = PBXFileReference; fileEncoding = 4; lastKnownFileType = sourcecode.c.h; path = GHPerson.h; sourceTree = "<group>"; };
		A7D156741E573ACB00154476 /* GHPerson.m */ = {isa = PBXFileReference; fileEncoding = 4; lastKnownFileType = sourcecode.c.objc; path = GHPerson.m; sourceTree = "<group>"; };
		A7D156761E5742C500154476 /* TestKVO.h */ = {isa = PBXFileReference; fileEncoding = 4; lastKnownFileType = sourcecode.c.h; path = TestKVO.h; sourceTree = "<group>"; };
		A7D156771E5742C500154476 /* TestKVO.m */ = {isa = PBXFileReference; fileEncoding = 4; lastKnownFileType = sourcecode.c.objc; path = TestKVO.m; sourceTree = "<group>"; };
		A7D156791E58A52800154476 /* GHPersonManual.h */ = {isa = PBXFileReference; fileEncoding = 4; lastKnownFileType = sourcecode.c.h; path = GHPersonManual.h; sourceTree = "<group>"; };
		A7D1567A1E58A52800154476 /* GHPersonManual.m */ = {isa = PBXFileReference; fileEncoding = 4; lastKnownFileType = sourcecode.c.objc; path = GHPersonManual.m; sourceTree = "<group>"; };
/* End PBXFileReference section */

/* Begin PBXFrameworksBuildPhase section */
		A7D156661E57375700154476 /* Frameworks */ = {
			isa = PBXFrameworksBuildPhase;
			buildActionMask = 2147483647;
			files = (
			);
			runOnlyForDeploymentPostprocessing = 0;
		};
/* End PBXFrameworksBuildPhase section */

/* Begin PBXGroup section */
		A7D156601E57375700154476 = {
			isa = PBXGroup;
			children = (
				A7D1566B1E57375700154476 /* NSKVC_AND_KVO */,
				A7D1566A1E57375700154476 /* Products */,
			);
			sourceTree = "<group>";
		};
		A7D1566A1E57375700154476 /* Products */ = {
			isa = PBXGroup;
			children = (
				A7D156691E57375700154476 /* NSKVC_AND_KVO */,
			);
			name = Products;
			sourceTree = "<group>";
		};
		A7D1566B1E57375700154476 /* NSKVC_AND_KVO */ = {
			isa = PBXGroup;
			children = (
				A7D156791E58A52800154476 /* GHPersonManual.h */,
				A7D1567A1E58A52800154476 /* GHPersonManual.m */,
				A7D156731E573ACB00154476 /* GHPerson.h */,
				A7D156741E573ACB00154476 /* GHPerson.m */,
				A7D1566C1E57375700154476 /* main.m */,
				A7D156761E5742C500154476 /* TestKVO.h */,
				A7D156771E5742C500154476 /* TestKVO.m */,
			);
			path = NSKVC_AND_KVO;
			sourceTree = "<group>";
		};
/* End PBXGroup section */

/* Begin PBXNativeTarget section */
		A7D156681E57375700154476 /* NSKVC_AND_KVO */ = {
			isa = PBXNativeTarget;
			buildConfigurationList = A7D156701E57375700154476 /* Build configuration list for PBXNativeTarget "NSKVC_AND_KVO" */;
			buildPhases = (
				A7D156651E57375700154476 /* Sources */,
				A7D156661E57375700154476 /* Frameworks */,
				A7D156671E57375700154476 /* CopyFiles */,
			);
			buildRules = (
			);
			dependencies = (
			);
			name = NSKVC_AND_KVO;
			productName = NSKVC_AND_KVO;
			productReference = A7D156691E57375700154476 /* NSKVC_AND_KVO */;
			productType = "com.apple.product-type.tool";
		};
/* End PBXNativeTarget section */

/* Begin PBXProject section */
		A7D156611E57375700154476 /* Project object */ = {
			isa = PBXProject;
			attributes = {
				LastUpgradeCheck = 0820;
				ORGANIZATIONNAME = Gaohan;
				TargetAttributes = {
					A7D156681E57375700154476 = {
						CreatedOnToolsVersion = 8.2.1;
						DevelopmentTeam = 53L629QTK3;
						ProvisioningStyle = Automatic;
					};
				};
			};
			buildConfigurationList = A7D156641E57375700154476 /* Build configuration list for PBXProject "NSKVC_AND_KVO" */;
			compatibilityVersion = "Xcode 3.2";
			developmentRegion = English;
			hasScannedForEncodings = 0;
			knownRegions = (
				en,
			);
			mainGroup = A7D156601E57375700154476;
			productRefGroup = A7D1566A1E57375700154476 /* Products */;
			projectDirPath = "";
			projectRoot = "";
			targets = (
				A7D156681E57375700154476 /* NSKVC_AND_KVO */,
			);
		};
/* End PBXProject section */

/* Begin PBXSourcesBuildPhase section */
		A7D156651E57375700154476 /* Sources */ = {
			isa = PBXSourcesBuildPhase;
			buildActionMask = 2147483647;
			files = (
				A7D156781E5742C500154476 /* TestKVO.m in Sources */,
				A7D1566D1E57375700154476 /* main.m in Sources */,
				A7D156751E573ACB00154476 /* GHPerson.m in Sources */,
				A7D1567B1E58A52800154476 /* GHPersonManual.m in Sources */,
			);
			runOnlyForDeploymentPostprocessing = 0;
		};
/* End PBXSourcesBuildPhase section */

/* Begin XCBuildConfiguration section */
		A7D1566E1E57375700154476 /* Debug */ = {
			isa = XCBuildConfiguration;
			buildSettings = {
				ALWAYS_SEARCH_USER_PATHS = NO;
				CLANG_ANALYZER_NONNULL = YES;
				CLANG_CXX_LANGUAGE_STANDARD = "gnu++0x";
				CLANG_CXX_LIBRARY = "libc++";
				CLANG_ENABLE_MODULES = YES;
				CLANG_ENABLE_OBJC_ARC = YES;
				CLANG_WARN_BOOL_CONVERSION = YES;
				CLANG_WARN_CONSTANT_CONVERSION = YES;
				CLANG_WARN_DIRECT_OBJC_ISA_USAGE = YES_ERROR;
				CLANG_WARN_DOCUMENTATION_COMMENTS = YES;
				CLANG_WARN_EMPTY_BODY = YES;
				CLANG_WARN_ENUM_CONVERSION = YES;
				CLANG_WARN_INFINITE_RECURSION = YES;
				CLANG_WARN_INT_CONVERSION = YES;
				CLANG_WARN_OBJC_ROOT_CLASS = YES_ERROR;
				CLANG_WARN_SUSPICIOUS_MOVE = YES;
				CLANG_WARN_UNREACHABLE_CODE = YES;
				CLANG_WARN__DUPLICATE_METHOD_MATCH = YES;
				CODE_SIGN_IDENTITY = "-";
				COPY_PHASE_STRIP = NO;
				DEBUG_INFORMATION_FORMAT = dwarf;
				ENABLE_STRICT_OBJC_MSGSEND = YES;
				ENABLE_TESTABILITY = YES;
				GCC_C_LANGUAGE_STANDARD = gnu99;
				GCC_DYNAMIC_NO_PIC = NO;
				GCC_NO_COMMON_BLOCKS = YES;
				GCC_OPTIMIZATION_LEVEL = 0;
				GCC_PREPROCESSOR_DEFINITIONS = (
					"DEBUG=1",
					"$(inherited)",
				);
				GCC_WARN_64_TO_32_BIT_CONVERSION = YES;
				GCC_WARN_ABOUT_RETURN_TYPE = YES_ERROR;
				GCC_WARN_UNDECLARED_SELECTOR = YES;
				GCC_WARN_UNINITIALIZED_AUTOS = YES_AGGRESSIVE;
				GCC_WARN_UNUSED_FUNCTION = YES;
				GCC_WARN_UNUSED_VARIABLE = YES;
				MACOSX_DEPLOYMENT_TARGET = 10.12;
				MTL_ENABLE_DEBUG_INFO = YES;
				ONLY_ACTIVE_ARCH = YES;
				SDKROOT = macosx;
			};
			name = Debug;
		};
		A7D1566F1E57375700154476 /* Release */ = {
			isa = XCBuildConfiguration;
			buildSettings = {
				ALWAYS_SEARCH_USER_PATHS = NO;
				CLANG_ANALYZER_NONNULL = YES;
				CLANG_CXX_LANGUAGE_STANDARD = "gnu++0x";
				CLANG_CXX_LIBRARY = "libc++";
				CLANG_ENABLE_MODULES = YES;
				CLANG_ENABLE_OBJC_ARC = YES;
				CLANG_WARN_BOOL_CONVERSION = YES;
				CLANG_WARN_CONSTANT_CONVERSION = YES;
				CLANG_WARN_DIRECT_OBJC_ISA_USAGE = YES_ERROR;
				CLANG_WARN_DOCUMENTATION_COMMENTS = YES;
				CLANG_WARN_EMPTY_BODY = YES;
				CLANG_WARN_ENUM_CONVERSION = YES;
				CLANG_WARN_INFINITE_RECURSION = YES;
				CLANG_WARN_INT_CONVERSION = YES;
				CLANG_WARN_OBJC_ROOT_CLASS = YES_ERROR;
				CLANG_WARN_SUSPICIOUS_MOVE = YES;
				CLANG_WARN_UNREACHABLE_CODE = YES;
				CLANG_WARN__DUPLICATE_METHOD_MATCH = YES;
				CODE_SIGN_IDENTITY = "-";
				COPY_PHASE_STRIP = NO;
				DEBUG_INFORMATION_FORMAT = "dwarf-with-dsym";
				ENABLE_NS_ASSERTIONS = NO;
				ENABLE_STRICT_OBJC_MSGSEND = YES;
				GCC_C_LANGUAGE_STANDARD = gnu99;
				GCC_NO_COMMON_BLOCKS = YES;
				GCC_WARN_64_TO_32_BIT_CONVERSION = YES;
				GCC_WARN_ABOUT_RETURN_TYPE = YES_ERROR;
				GCC_WARN_UNDECLARED_SELECTOR = YES;
				GCC_WARN_UNINITIALIZED_AUTOS = YES_AGGRESSIVE;
				GCC_WARN_UNUSED_FUNCTION = YES;
				GCC_WARN_UNUSED_VARIABLE = YES;
				MACOSX_DEPLOYMENT_TARGET = 10.12;
				MTL_ENABLE_DEBUG_INFO = NO;
				SDKROOT = macosx;
			};
			name = Release;
		};
		A7D156711E57375700154476 /* Debug */ = {
			isa = XCBuildConfiguration;
			buildSettings = {
				DEVELOPMENT_TEAM = 53L629QTK3;
				PRODUCT_NAME = "$(TARGET_NAME)";
			};
			name = Debug;
		};
		A7D156721E57375700154476 /* Release */ = {
			isa = XCBuildConfiguration;
			buildSettings = {
				DEVELOPMENT_TEAM = 53L629QTK3;
				PRODUCT_NAME = "$(TARGET_NAME)";
			};
			name = Release;
		};
/* End XCBuildConfiguration section */

/* Begin XCConfigurationList section */
		A7D156641E57375700154476 /* Build configuration list for PBXProject "NSKVC_AND_KVO" */ = {
			isa = XCConfigurationList;
			buildConfigurations = (
				A7D1566E1E57375700154476 /* Debug */,
				A7D1566F1E57375700154476 /* Release */,
			);
			defaultConfigurationIsVisible = 0;
			defaultConfigurationName = Release;
		};
		A7D156701E57375700154476 /* Build configuration list for PBXNativeTarget "NSKVC_AND_KVO" */ = {
			isa = XCConfigurationList;
			buildConfigurations = (
				A7D156711E57375700154476 /* Debug */,
				A7D156721E57375700154476 /* Release */,
			);
			defaultConfigurationIsVisible = 0;
			defaultConfigurationName = Release;
		};
/* End XCConfigurationList section */
	};
	rootObject = A7D156611E57375700154476 /* Project object */;
}
